
Microsoft Visual Studio Solution File, Format Version 12.00
# Visual Studio 15
VisualStudioVersion = 15.0.27703.2026
MinimumVisualStudioVersion = 10.0.40219.1
Project("{FAE04EC0-301F-11D3-BF4B-00C04F79EFBC}") = "SistemaLoja", "SistemaLoja\SistemaLoja.csproj", "{ADA854D8-4C5A-481C-BE62-31EF8260B7DD}"
EndProject
Project("{FAE04EC0-301F-11D3-BF4B-00C04F79EFBC}") = "SistemaLoja.Tests", "SistemaLoja.Tests\SistemaLoja.Tests.csproj", "{A0889F20-C85F-4C25-963A-B018E20E3F96}"
EndProject
Global
	GlobalSection(SolutionConfigurationPlatforms) = preSolution
		Debug|Any CPU = Debug|Any CPU
		Release|Any CPU = Release|Any CPU
	EndGlobalSection
	GlobalSection(ProjectConfigurationPlatforms) = postSolution
		{ADA854D8-4C5A-481C-BE62-31EF8260B7DD}.Debug|Any CPU.ActiveCfg = Debug|Any CPU
		{ADA854D8-4C5A-481C-BE62-31EF8260B7DD}.Debug|Any CPU.Build.0 = Debug|Any CPU
		{ADA854D8-4C5A-481C-BE62-31EF8260B7DD}.Release|Any CPU.ActiveCfg = Release|Any CPU
		{ADA854D8-4C5A-481C-BE62-31EF8260B7DD}.Release|Any CPU.Build.0 = Release|Any CPU
		{A0889F20-C85F-4C25-963A-B018E20E3F96}.Debug|Any CPU.ActiveCfg = Debug|Any CPU
		{A0889F20-C85F-4C25-963A-B018E20E3F96}.Debug|Any CPU.Build.0 = Debug|Any CPU
		{A0889F20-C85F-4C25-963A-B018E20E3F96}.Release|Any CPU.ActiveCfg = Release|Any CPU
		{A0889F20-C85F-4C25-963A-B018E20E3F96}.Release|Any CPU.Build.0 = Release|Any CPU
	EndGlobalSection
	GlobalSection(SolutionProperties) = preSolution
		HideSolutionNode = FALSE
	EndGlobalSection
	GlobalSection(ExtensibilityGlobals) = postSolution
		SolutionGuid = {7738DA1B-2604-4535-9D2F-A8B428373491}
	EndGlobalSection
EndGlobal
